# THIS IS AN AUTOGENERATED FILE. DO NOT EDIT THIS FILE DIRECTLY.
# yarn lockfile v1


"@biomejs/biome@2.3.8":
  version "2.3.8"
  resolved "https://registry.yarnpkg.com/@biomejs/biome/-/biome-2.3.8.tgz#03f66a19ba7b287bc12ce493f69382f24f3076fa"
  integrity sha512-Qjsgoe6FEBxWAUzwFGFrB+1+M8y/y5kwmg5CHac+GSVOdmOIqsAiXM5QMVGZJ1eCUCLlPZtq4aFAQ0eawEUuUA==
  optionalDependencies:
    "@biomejs/cli-darwin-arm64" "2.3.8"
    "@biomejs/cli-darwin-x64" "2.3.8"
    "@biomejs/cli-linux-arm64" "2.3.8"
    "@biomejs/cli-linux-arm64-musl" "2.3.8"
    "@biomejs/cli-linux-x64" "2.3.8"
    "@biomejs/cli-linux-x64-musl" "2.3.8"
    "@biomejs/cli-win32-arm64" "2.3.8"
    "@biomejs/cli-win32-x64" "2.3.8"

"@biomejs/cli-darwin-arm64@2.3.8":
  version "2.3.8"
  resolved "https://registry.yarnpkg.com/@biomejs/cli-darwin-arm64/-/cli-darwin-arm64-2.3.8.tgz#58443b6d910a6175be0bd77062774e893de6263c"
  integrity sha512-HM4Zg9CGQ3txTPflxD19n8MFPrmUAjaC7PQdLkugeeC0cQ+PiVrd7i09gaBS/11QKsTDBJhVg85CEIK9f50Qww==

"@biomejs/cli-darwin-x64@2.3.8":
  version "2.3.8"
  resolved "https://registry.yarnpkg.com/@biomejs/cli-darwin-x64/-/cli-darwin-x64-2.3.8.tgz#5765d66ac9e92d80469ab5c24344ab6d3410ff75"
  integrity sha512-lUDQ03D7y/qEao7RgdjWVGCu+BLYadhKTm40HkpJIi6kn8LSv5PAwRlew/DmwP4YZ9ke9XXoTIQDO1vAnbRZlA==

"@biomejs/cli-linux-arm64-musl@2.3.8":
  version "2.3.8"
  resolved "https://registry.yarnpkg.com/@biomejs/cli-linux-arm64-musl/-/cli-linux-arm64-musl-2.3.8.tgz#63ff811a3acc74c885e989a4e6e8f54399425e3a"
  integrity sha512-PShR4mM0sjksUMyxbyPNMxoKFPVF48fU8Qe8Sfx6w6F42verbwRLbz+QiKNiDPRJwUoMG1nPM50OBL3aOnTevA==

"@biomejs/cli-linux-arm64@2.3.8":
  version "2.3.8"
  resolved "https://registry.yarnpkg.com/@biomejs/cli-linux-arm64/-/cli-linux-arm64-2.3.8.tgz#c6275cf8bc8592ef4ea840f5b1938606d3f3a721"
  integrity sha512-Uo1OJnIkJgSgF+USx970fsM/drtPcQ39I+JO+Fjsaa9ZdCN1oysQmy6oAGbyESlouz+rzEckLTF6DS7cWse95g==

"@biomejs/cli-linux-x64-musl@2.3.8":
  version "2.3.8"
  resolved "https://registry.yarnpkg.com/@biomejs/cli-linux-x64-musl/-/cli-linux-x64-musl-2.3.8.tgz#95da386940356ef21d71d724587213915a6e7fef"
  integrity sha512-YGLkqU91r1276uwSjiUD/xaVikdxgV1QpsicT0bIA1TaieM6E5ibMZeSyjQ/izBn4tKQthUSsVZacmoJfa3pDA==

"@biomejs/cli-linux-x64@2.3.8":
  version "2.3.8"
  resolved "https://registry.yarnpkg.com/@biomejs/cli-linux-x64/-/cli-linux-x64-2.3.8.tgz#65fddc3feb27a6817763306b73506308cbdb1dcc"
  integrity sha512-QDPMD5bQz6qOVb3kiBui0zKZXASLo0NIQ9JVJio5RveBEFgDgsvJFUvZIbMbUZT3T00M/1wdzwWXk4GIh0KaAw==

"@biomejs/cli-win32-arm64@2.3.8":
  version "2.3.8"
  resolved "https://registry.yarnpkg.com/@biomejs/cli-win32-arm64/-/cli-win32-arm64-2.3.8.tgz#86385f8ff7abec220af11a7ddf9e57c39e317277"
  integrity sha512-H4IoCHvL1fXKDrTALeTKMiE7GGWFAraDwBYFquE/L/5r1927Te0mYIGseXi4F+lrrwhSWbSGt5qPFswNoBaCxg==

"@biomejs/cli-win32-x64@2.3.8":
  version "2.3.8"
  resolved "https://registry.yarnpkg.com/@biomejs/cli-win32-x64/-/cli-win32-x64-2.3.8.tgz#dca59fbf4c6f871f22f567ade203e996c7867206"
  integrity sha512-RguzimPoZWtBapfKhKjcWXBVI91tiSprqdBYu7tWhgN8pKRZhw24rFeNZTNf6UiBfjCYCi9eFQs/JzJZIhuK4w==

"@esbuild/aix-ppc64@0.25.12":
  version "0.25.12"
  resolved "https://registry.yarnpkg.com/@esbuild/aix-ppc64/-/aix-ppc64-0.25.12.tgz#80fcbe36130e58b7670511e888b8e88a259ed76c"
  integrity sha512-Hhmwd6CInZ3dwpuGTF8fJG6yoWmsToE+vYgD4nytZVxcu1ulHpUQRAB1UJ8+N1Am3Mz4+xOByoQoSZf4D+CpkA==

"@esbuild/android-arm64@0.25.12":
  version "0.25.12"
  resolved "https://registry.yarnpkg.com/@esbuild/android-arm64/-/android-arm64-0.25.12.tgz#8aa4965f8d0a7982dc21734bf6601323a66da752"
  integrity sha512-6AAmLG7zwD1Z159jCKPvAxZd4y/VTO0VkprYy+3N2FtJ8+BQWFXU+OxARIwA46c5tdD9SsKGZ/1ocqBS/gAKHg==

"@esbuild/android-arm@0.25.12":
  version "0.25.12"
  resolved "https://registry.yarnpkg.com/@esbuild/android-arm/-/android-arm-0.25.12.tgz#300712101f7f50f1d2627a162e6e09b109b6767a"
  integrity sha512-VJ+sKvNA/GE7Ccacc9Cha7bpS8nyzVv0jdVgwNDaR4gDMC/2TTRc33Ip8qrNYUcpkOHUT5OZ0bUcNNVZQ9RLlg==

"@esbuild/android-x64@0.25.12":
  version "0.25.12"
  resolved "https://registry.yarnpkg.com/@esbuild/android-x64/-/android-x64-0.25.12.tgz#87dfb27161202bdc958ef48bb61b09c758faee16"
  integrity sha512-5jbb+2hhDHx5phYR2By8GTWEzn6I9UqR11Kwf22iKbNpYrsmRB18aX/9ivc5cabcUiAT/wM+YIZ6SG9QO6a8kg==

"@esbuild/darwin-arm64@0.25.12":
  version "0.25.12"
  resolved "https://registry.yarnpkg.com/@esbuild/darwin-arm64/-/darwin-arm64-0.25.12.tgz#79197898ec1ff745d21c071e1c7cc3c802f0c1fd"
  integrity sha512-N3zl+lxHCifgIlcMUP5016ESkeQjLj/959RxxNYIthIg+CQHInujFuXeWbWMgnTo4cp5XVHqFPmpyu9J65C1Yg==

"@esbuild/darwin-x64@0.25.12":
  version "0.25.12"
  resolved "https://registry.yarnpkg.com/@esbuild/darwin-x64/-/darwin-x64-0.25.12.tgz#146400a8562133f45c4d2eadcf37ddd09718079e"
  integrity sha512-HQ9ka4Kx21qHXwtlTUVbKJOAnmG1ipXhdWTmNXiPzPfWKpXqASVcWdnf2bnL73wgjNrFXAa3yYvBSd9pzfEIpA==

"@esbuild/freebsd-arm64@0.25.12":
  version "0.25.12"
  resolved "https://registry.yarnpkg.com/@esbuild/freebsd-arm64/-/freebsd-arm64-0.25.12.tgz#1c5f9ba7206e158fd2b24c59fa2d2c8bb47ca0fe"
  integrity sha512-gA0Bx759+7Jve03K1S0vkOu5Lg/85dou3EseOGUes8flVOGxbhDDh/iZaoek11Y8mtyKPGF3vP8XhnkDEAmzeg==

"@esbuild/freebsd-x64@0.25.12":
  version "0.25.12"
  resolved "https://registry.yarnpkg.com/@esbuild/freebsd-x64/-/freebsd-x64-0.25.12.tgz#ea631f4a36beaac4b9279fa0fcc6ca29eaeeb2b3"
  integrity sha512-TGbO26Yw2xsHzxtbVFGEXBFH0FRAP7gtcPE7P5yP7wGy7cXK2oO7RyOhL5NLiqTlBh47XhmIUXuGciXEqYFfBQ==

"@esbuild/linux-arm64@0.25.12":
  version "0.25.12"
  resolved "https://registry.yarnpkg.com/@esbuild/linux-arm64/-/linux-arm64-0.25.12.tgz#e1066bce58394f1b1141deec8557a5f0a22f5977"
  integrity sha512-8bwX7a8FghIgrupcxb4aUmYDLp8pX06rGh5HqDT7bB+8Rdells6mHvrFHHW2JAOPZUbnjUpKTLg6ECyzvas2AQ==

"@esbuild/linux-arm@0.25.12":
  version "0.25.12"
  resolved "https://registry.yarnpkg.com/@esbuild/linux-arm/-/linux-arm-0.25.12.tgz#452cd66b20932d08bdc53a8b61c0e30baf4348b9"
  integrity sha512-lPDGyC1JPDou8kGcywY0YILzWlhhnRjdof3UlcoqYmS9El818LLfJJc3PXXgZHrHCAKs/Z2SeZtDJr5MrkxtOw==

"@esbuild/linux-ia32@0.25.12":
  version "0.25.12"
  resolved "https://registry.yarnpkg.com/@esbuild/linux-ia32/-/linux-ia32-0.25.12.tgz#b24f8acc45bcf54192c7f2f3be1b53e6551eafe0"
  integrity sha512-0y9KrdVnbMM2/vG8KfU0byhUN+EFCny9+8g202gYqSSVMonbsCfLjUO+rCci7pM0WBEtz+oK/PIwHkzxkyharA==

"@esbuild/linux-loong64@0.25.12":
  version "0.25.12"
  resolved "https://registry.yarnpkg.com/@esbuild/linux-loong64/-/linux-loong64-0.25.12.tgz#f9cfffa7fc8322571fbc4c8b3268caf15bd81ad0"
  integrity sha512-h///Lr5a9rib/v1GGqXVGzjL4TMvVTv+s1DPoxQdz7l/AYv6LDSxdIwzxkrPW438oUXiDtwM10o9PmwS/6Z0Ng==

"@esbuild/linux-mips64el@0.25.12":
  version "0.25.12"
  resolved "https://registry.yarnpkg.com/@esbuild/linux-mips64el/-/linux-mips64el-0.25.12.tgz#575a14bd74644ffab891adc7d7e60d275296f2cd"
  integrity sha512-iyRrM1Pzy9GFMDLsXn1iHUm18nhKnNMWscjmp4+hpafcZjrr2WbT//d20xaGljXDBYHqRcl8HnxbX6uaA/eGVw==

"@esbuild/linux-ppc64@0.25.12":
  version "0.25.12"
  resolved "https://registry.yarnpkg.com/@esbuild/linux-ppc64/-/linux-ppc64-0.25.12.tgz#75b99c70a95fbd5f7739d7692befe60601591869"
  integrity sha512-9meM/lRXxMi5PSUqEXRCtVjEZBGwB7P/D4yT8UG/mwIdze2aV4Vo6U5gD3+RsoHXKkHCfSxZKzmDssVlRj1QQA==

"@esbuild/linux-riscv64@0.25.12":
  version "0.25.12"
  resolved "https://registry.yarnpkg.com/@esbuild/linux-riscv64/-/linux-riscv64-0.25.12.tgz#2e3259440321a44e79ddf7535c325057da875cd6"
  integrity sha512-Zr7KR4hgKUpWAwb1f3o5ygT04MzqVrGEGXGLnj15YQDJErYu/BGg+wmFlIDOdJp0PmB0lLvxFIOXZgFRrdjR0w==

"@esbuild/linux-s390x@0.25.12":
  version "0.25.12"
  resolved "https://registry.yarnpkg.com/@esbuild/linux-s390x/-/linux-s390x-0.25.12.tgz#17676cabbfe5928da5b2a0d6df5d58cd08db2663"
  integrity sha512-MsKncOcgTNvdtiISc/jZs/Zf8d0cl/t3gYWX8J9ubBnVOwlk65UIEEvgBORTiljloIWnBzLs4qhzPkJcitIzIg==

"@esbuild/linux-x64@0.25.12":
  version "0.25.12"
  resolved "https://registry.yarnpkg.com/@esbuild/linux-x64/-/linux-x64-0.25.12.tgz#0583775685ca82066d04c3507f09524d3cd7a306"
  integrity sha512-uqZMTLr/zR/ed4jIGnwSLkaHmPjOjJvnm6TVVitAa08SLS9Z0VM8wIRx7gWbJB5/J54YuIMInDquWyYvQLZkgw==

"@esbuild/netbsd-arm64@0.25.12":
  version "0.25.12"
  resolved "https://registry.yarnpkg.com/@esbuild/netbsd-arm64/-/netbsd-arm64-0.25.12.tgz#f04c4049cb2e252fe96b16fed90f70746b13f4a4"
  integrity sha512-xXwcTq4GhRM7J9A8Gv5boanHhRa/Q9KLVmcyXHCTaM4wKfIpWkdXiMog/KsnxzJ0A1+nD+zoecuzqPmCRyBGjg==

"@esbuild/netbsd-x64@0.25.12":
  version "0.25.12"
  resolved "https://registry.yarnpkg.com/@esbuild/netbsd-x64/-/netbsd-x64-0.25.12.tgz#77da0d0a0d826d7c921eea3d40292548b258a076"
  integrity sha512-Ld5pTlzPy3YwGec4OuHh1aCVCRvOXdH8DgRjfDy/oumVovmuSzWfnSJg+VtakB9Cm0gxNO9BzWkj6mtO1FMXkQ==

"@esbuild/openbsd-arm64@0.25.12":
  version "0.25.12"
  resolved "https://registry.yarnpkg.com/@esbuild/openbsd-arm64/-/openbsd-arm64-0.25.12.tgz#6296f5867aedef28a81b22ab2009c786a952dccd"
  integrity sha512-fF96T6KsBo/pkQI950FARU9apGNTSlZGsv1jZBAlcLL1MLjLNIWPBkj5NlSz8aAzYKg+eNqknrUJ24QBybeR5A==

"@esbuild/openbsd-x64@0.25.12":
  version "0.25.12"
  resolved "https://registry.yarnpkg.com/@esbuild/openbsd-x64/-/openbsd-x64-0.25.12.tgz#f8d23303360e27b16cf065b23bbff43c14142679"
  integrity sha512-MZyXUkZHjQxUvzK7rN8DJ3SRmrVrke8ZyRusHlP+kuwqTcfWLyqMOE3sScPPyeIXN/mDJIfGXvcMqCgYKekoQw==

"@esbuild/openharmony-arm64@0.25.12":
  version "0.25.12"
  resolved "https://registry.yarnpkg.com/@esbuild/openharmony-arm64/-/openharmony-arm64-0.25.12.tgz#49e0b768744a3924be0d7fd97dd6ce9b2923d88d"
  integrity sha512-rm0YWsqUSRrjncSXGA7Zv78Nbnw4XL6/dzr20cyrQf7ZmRcsovpcRBdhD43Nuk3y7XIoW2OxMVvwuRvk9XdASg==

"@esbuild/sunos-x64@0.25.12":
  version "0.25.12"
  resolved "https://registry.yarnpkg.com/@esbuild/sunos-x64/-/sunos-x64-0.25.12.tgz#a6ed7d6778d67e528c81fb165b23f4911b9b13d6"
  integrity sha512-3wGSCDyuTHQUzt0nV7bocDy72r2lI33QL3gkDNGkod22EsYl04sMf0qLb8luNKTOmgF/eDEDP5BFNwoBKH441w==

"@esbuild/win32-arm64@0.25.12":
  version "0.25.12"
  resolved "https://registry.yarnpkg.com/@esbuild/win32-arm64/-/win32-arm64-0.25.12.tgz#9ac14c378e1b653af17d08e7d3ce34caef587323"
  integrity sha512-rMmLrur64A7+DKlnSuwqUdRKyd3UE7oPJZmnljqEptesKM8wx9J8gx5u0+9Pq0fQQW8vqeKebwNXdfOyP+8Bsg==

"@esbuild/win32-ia32@0.25.12":
  version "0.25.12"
  resolved "https://registry.yarnpkg.com/@esbuild/win32-ia32/-/win32-ia32-0.25.12.tgz#918942dcbbb35cc14fca39afb91b5e6a3d127267"
  integrity sha512-HkqnmmBoCbCwxUKKNPBixiWDGCpQGVsrQfJoVGYLPT41XWF8lHuE5N6WhVia2n4o5QK5M4tYr21827fNhi4byQ==

"@esbuild/win32-x64@0.25.12":
  version "0.25.12"
  resolved "https://registry.yarnpkg.com/@esbuild/win32-x64/-/win32-x64-0.25.12.tgz#9bdad8176be7811ad148d1f8772359041f46c6c5"
  integrity sha512-alJC0uCZpTFrSL0CCDjcgleBXPnCrEAhTBILpeAp7M/OFgoqtAetfBzX0xM00MUsVVPpVjlPuMbREqnZCXaTnA==

"@rolldown/pluginutils@1.0.0-beta.47":
  version "1.0.0-beta.47"
  resolved "https://registry.yarnpkg.com/@rolldown/pluginutils/-/pluginutils-1.0.0-beta.47.tgz#c282c4a8c39f3d6d2f1086aae09a34e6241f7a50"
  integrity sha512-8QagwMH3kNCuzD8EWL8R2YPW5e4OrHNSAHRFDdmFqEwEaD/KcNKjVoumo+gP2vW5eKB2UPbM6vTYiGZX0ixLnw==

"@rollup/rollup-android-arm-eabi@4.53.3":
  version "4.53.3"
  resolved "https://registry.yarnpkg.com/@rollup/rollup-android-arm-eabi/-/rollup-android-arm-eabi-4.53.3.tgz#7e478b66180c5330429dd161bf84dad66b59c8eb"
  integrity sha512-mRSi+4cBjrRLoaal2PnqH82Wqyb+d3HsPUN/W+WslCXsZsyHa9ZeQQX/pQsZaVIWDkPcpV6jJ+3KLbTbgnwv8w==

"@rollup/rollup-android-arm64@4.53.3":
  version "4.53.3"
  resolved "https://registry.yarnpkg.com/@rollup/rollup-android-arm64/-/rollup-android-arm64-4.53.3.tgz#2b025510c53a5e3962d3edade91fba9368c9d71c"
  integrity sha512-CbDGaMpdE9sh7sCmTrTUyllhrg65t6SwhjlMJsLr+J8YjFuPmCEjbBSx4Z/e4SmDyH3aB5hGaJUP2ltV/vcs4w==

"@rollup/rollup-darwin-arm64@4.53.3":
  version "4.53.3"
  resolved "https://registry.yarnpkg.com/@rollup/rollup-darwin-arm64/-/rollup-darwin-arm64-4.53.3.tgz#3577c38af68ccf34c03e84f476bfd526abca10a0"
  integrity sha512-Nr7SlQeqIBpOV6BHHGZgYBuSdanCXuw09hon14MGOLGmXAFYjx1wNvquVPmpZnl0tLjg25dEdr4IQ6GgyToCUA==

"@rollup/rollup-darwin-x64@4.53.3":
  version "4.53.3"
  resolved "https://registry.yarnpkg.com/@rollup/rollup-darwin-x64/-/rollup-darwin-x64-4.53.3.tgz#2bf5f2520a1f3b551723d274b9669ba5b75ed69c"
  integrity sha512-DZ8N4CSNfl965CmPktJ8oBnfYr3F8dTTNBQkRlffnUarJ2ohudQD17sZBa097J8xhQ26AwhHJ5mvUyQW8ddTsQ==

"@rollup/rollup-freebsd-arm64@4.53.3":
  version "4.53.3"
  resolved "https://registry.yarnpkg.com/@rollup/rollup-freebsd-arm64/-/rollup-freebsd-arm64-4.53.3.tgz#4bb9cc80252564c158efc0710153c71633f1927c"
  integrity sha512-yMTrCrK92aGyi7GuDNtGn2sNW+Gdb4vErx4t3Gv/Tr+1zRb8ax4z8GWVRfr3Jw8zJWvpGHNpss3vVlbF58DZ4w==

"@rollup/rollup-freebsd-x64@4.53.3":
  version "4.53.3"
  resolved "https://registry.yarnpkg.com/@rollup/rollup-freebsd-x64/-/rollup-freebsd-x64-4.53.3.tgz#2301289094d49415a380cf942219ae9d8b127440"
  integrity sha512-lMfF8X7QhdQzseM6XaX0vbno2m3hlyZFhwcndRMw8fbAGUGL3WFMBdK0hbUBIUYcEcMhVLr1SIamDeuLBnXS+Q==

"@rollup/rollup-linux-arm-gnueabihf@4.53.3":
  version "4.53.3"
  resolved "https://registry.yarnpkg.com/@rollup/rollup-linux-arm-gnueabihf/-/rollup-linux-arm-gnueabihf-4.53.3.tgz#1d03d776f2065e09fc141df7d143476e94acca88"
  integrity sha512-k9oD15soC/Ln6d2Wv/JOFPzZXIAIFLp6B+i14KhxAfnq76ajt0EhYc5YPeX6W1xJkAdItcVT+JhKl1QZh44/qw==

"@rollup/rollup-linux-arm-musleabihf@4.53.3":
  version "4.53.3"
  resolved "https://registry.yarnpkg.com/@rollup/rollup-linux-arm-musleabihf/-/rollup-linux-arm-musleabihf-4.53.3.tgz#8623de0e040b2fd52a541c602688228f51f96701"
  integrity sha512-vTNlKq+N6CK/8UktsrFuc+/7NlEYVxgaEgRXVUVK258Z5ymho29skzW1sutgYjqNnquGwVUObAaxae8rZ6YMhg==

"@rollup/rollup-linux-arm64-gnu@4.53.3":
  version "4.53.3"
  resolved "https://registry.yarnpkg.com/@rollup/rollup-linux-arm64-gnu/-/rollup-linux-arm64-gnu-4.53.3.tgz#ce2d1999bc166277935dde0301cde3dd0417fb6e"
  integrity sha512-RGrFLWgMhSxRs/EWJMIFM1O5Mzuz3Xy3/mnxJp/5cVhZ2XoCAxJnmNsEyeMJtpK+wu0FJFWz+QF4mjCA7AUQ3w==

"@rollup/rollup-linux-arm64-musl@4.53.3":
  version "4.53.3"
  resolved "https://registry.yarnpkg.com/@rollup/rollup-linux-arm64-musl/-/rollup-linux-arm64-musl-4.53.3.tgz#88c2523778444da952651a2219026416564a4899"
  integrity sha512-kASyvfBEWYPEwe0Qv4nfu6pNkITLTb32p4yTgzFCocHnJLAHs+9LjUu9ONIhvfT/5lv4YS5muBHyuV84epBo/A==

"@rollup/rollup-linux-loong64-gnu@4.53.3":
  version "4.53.3"
  resolved "https://registry.yarnpkg.com/@rollup/rollup-linux-loong64-gnu/-/rollup-linux-loong64-gnu-4.53.3.tgz#578ca2220a200ac4226c536c10c8cc6e4f276714"
  integrity sha512-JiuKcp2teLJwQ7vkJ95EwESWkNRFJD7TQgYmCnrPtlu50b4XvT5MOmurWNrCj3IFdyjBQ5p9vnrX4JM6I8OE7g==

"@rollup/rollup-linux-ppc64-gnu@4.53.3":
  version "4.53.3"
  resolved "https://registry.yarnpkg.com/@rollup/rollup-linux-ppc64-gnu/-/rollup-linux-ppc64-gnu-4.53.3.tgz#aa338d3effd4168a20a5023834a74ba2c3081293"
  integrity sha512-EoGSa8nd6d3T7zLuqdojxC20oBfNT8nexBbB/rkxgKj5T5vhpAQKKnD+h3UkoMuTyXkP5jTjK/ccNRmQrPNDuw==

"@rollup/rollup-linux-riscv64-gnu@4.53.3":
  version "4.53.3"
  resolved "https://registry.yarnpkg.com/@rollup/rollup-linux-riscv64-gnu/-/rollup-linux-riscv64-gnu-4.53.3.tgz#16ba582f9f6cff58119aa242782209b1557a1508"
  integrity sha512-4s+Wped2IHXHPnAEbIB0YWBv7SDohqxobiiPA1FIWZpX+w9o2i4LezzH/NkFUl8LRci/8udci6cLq+jJQlh+0g==

"@rollup/rollup-linux-riscv64-musl@4.53.3":
  version "4.53.3"
  resolved "https://registry.yarnpkg.com/@rollup/rollup-linux-riscv64-musl/-/rollup-linux-riscv64-musl-4.53.3.tgz#e404a77ebd6378483888b8064c703adb011340ab"
  integrity sha512-68k2g7+0vs2u9CxDt5ktXTngsxOQkSEV/xBbwlqYcUrAVh6P9EgMZvFsnHy4SEiUl46Xf0IObWVbMvPrr2gw8A==

"@rollup/rollup-linux-s390x-gnu@4.53.3":
  version "4.53.3"
  resolved "https://registry.yarnpkg.com/@rollup/rollup-linux-s390x-gnu/-/rollup-linux-s390x-gnu-4.53.3.tgz#92ad52d306227c56bec43d96ad2164495437ffe6"
  integrity sha512-VYsFMpULAz87ZW6BVYw3I6sWesGpsP9OPcyKe8ofdg9LHxSbRMd7zrVrr5xi/3kMZtpWL/wC+UIJWJYVX5uTKg==

"@rollup/rollup-linux-x64-gnu@4.53.3":
  version "4.53.3"
  resolved "https://registry.yarnpkg.com/@rollup/rollup-linux-x64-gnu/-/rollup-linux-x64-gnu-4.53.3.tgz#fd0dea3bb9aa07e7083579f25e1c2285a46cb9fa"
  integrity sha512-3EhFi1FU6YL8HTUJZ51imGJWEX//ajQPfqWLI3BQq4TlvHy4X0MOr5q3D2Zof/ka0d5FNdPwZXm3Yyib/UEd+w==

"@rollup/rollup-linux-x64-musl@4.53.3":
  version "4.53.3"
  resolved "https://registry.yarnpkg.com/@rollup/rollup-linux-x64-musl/-/rollup-linux-x64-musl-4.53.3.tgz#37a3efb09f18d555f8afc490e1f0444885de8951"
  integrity sha512-eoROhjcc6HbZCJr+tvVT8X4fW3/5g/WkGvvmwz/88sDtSJzO7r/blvoBDgISDiCjDRZmHpwud7h+6Q9JxFwq1Q==

"@rollup/rollup-openharmony-arm64@4.53.3":
  version "4.53.3"
  resolved "https://registry.yarnpkg.com/@rollup/rollup-openharmony-arm64/-/rollup-openharmony-arm64-4.53.3.tgz#c489bec9f4f8320d42c9b324cca220c90091c1f7"
  integrity sha512-OueLAWgrNSPGAdUdIjSWXw+u/02BRTcnfw9PN41D2vq/JSEPnJnVuBgw18VkN8wcd4fjUs+jFHVM4t9+kBSNLw==

"@rollup/rollup-win32-arm64-msvc@4.53.3":
  version "4.53.3"
  resolved "https://registry.yarnpkg.com/@rollup/rollup-win32-arm64-msvc/-/rollup-win32-arm64-msvc-4.53.3.tgz#152832b5f79dc22d1606fac3db946283601b7080"
  integrity sha512-GOFuKpsxR/whszbF/bzydebLiXIHSgsEUp6M0JI8dWvi+fFa1TD6YQa4aSZHtpmh2/uAlj/Dy+nmby3TJ3pkTw==

"@rollup/rollup-win32-ia32-msvc@4.53.3":
  version "4.53.3"
  resolved "https://registry.yarnpkg.com/@rollup/rollup-win32-ia32-msvc/-/rollup-win32-ia32-msvc-4.53.3.tgz#54d91b2bb3bf3e9f30d32b72065a4e52b3a172a5"
  integrity sha512-iah+THLcBJdpfZ1TstDFbKNznlzoxa8fmnFYK4V67HvmuNYkVdAywJSoteUszvBQ9/HqN2+9AZghbajMsFT+oA==

"@rollup/rollup-win32-x64-gnu@4.53.3":
  version "4.53.3"
  resolved "https://registry.yarnpkg.com/@rollup/rollup-win32-x64-gnu/-/rollup-win32-x64-gnu-4.53.3.tgz#df9df03e61a003873efec8decd2034e7f135c71e"
  integrity sha512-J9QDiOIZlZLdcot5NXEepDkstocktoVjkaKUtqzgzpt2yWjGlbYiKyp05rWwk4nypbYUNoFAztEgixoLaSETkg==

"@rollup/rollup-win32-x64-msvc@4.53.3":
  version "4.53.3"
  resolved "https://registry.yarnpkg.com/@rollup/rollup-win32-x64-msvc/-/rollup-win32-x64-msvc-4.53.3.tgz#38ae84f4c04226c1d56a3b17296ef1e0460ecdfe"
  integrity sha512-UhTd8u31dXadv0MopwGgNOBpUVROFKWVQgAg5N1ESyCz8AuBcMqm4AuTjrwgQKGDfoFuz02EuMRHQIw/frmYKQ==

"@swc/core-darwin-arm64@1.15.3":
  version "1.15.3"
  resolved "https://registry.yarnpkg.com/@swc/core-darwin-arm64/-/core-darwin-arm64-1.15.3.tgz#bd0bd3ab7730e3ffa64cf200c0ed7c572cbaba97"
  integrity sha512-AXfeQn0CvcQ4cndlIshETx6jrAM45oeUrK8YeEY6oUZU/qzz0Id0CyvlEywxkWVC81Ajpd8TQQ1fW5yx6zQWkQ==

"@swc/core-darwin-x64@1.15.3":
  version "1.15.3"
  resolved "https://registry.yarnpkg.com/@swc/core-darwin-x64/-/core-darwin-x64-1.15.3.tgz#502b1e1c680df6b962265ca81a0c1a23e6ff070f"
  integrity sha512-p68OeCz1ui+MZYG4wmfJGvcsAcFYb6Sl25H9TxWl+GkBgmNimIiRdnypK9nBGlqMZAcxngNPtnG3kEMNnvoJ2A==

"@swc/core-linux-arm-gnueabihf@1.15.3":
  version "1.15.3"
  resolved "https://registry.yarnpkg.com/@swc/core-linux-arm-gnueabihf/-/core-linux-arm-gnueabihf-1.15.3.tgz#e32cc6a2e06a75060d6f598ba2ca6f96c5c0cc43"
  integrity sha512-Nuj5iF4JteFgwrai97mUX+xUOl+rQRHqTvnvHMATL/l9xE6/TJfPBpd3hk/PVpClMXG3Uvk1MxUFOEzM1JrMYg==

"@swc/core-linux-arm64-gnu@1.15.3":
  version "1.15.3"
  resolved "https://registry.yarnpkg.com/@swc/core-linux-arm64-gnu/-/core-linux-arm64-gnu-1.15.3.tgz#9b9861bc44059e393d4baf98b3cd3d6c4ea6f521"
  integrity sha512-2Nc/s8jE6mW2EjXWxO/lyQuLKShcmTrym2LRf5Ayp3ICEMX6HwFqB1EzDhwoMa2DcUgmnZIalesq2lG3krrUNw==

"@swc/core-linux-arm64-musl@1.15.3":
  version "1.15.3"
  resolved "https://registry.yarnpkg.com/@swc/core-linux-arm64-musl/-/core-linux-arm64-musl-1.15.3.tgz#f6388743e5a159018bd468e8f710940b2614384b"
  integrity sha512-j4SJniZ/qaZ5g8op+p1G9K1z22s/EYGg1UXIb3+Cg4nsxEpF5uSIGEE4mHUfA70L0BR9wKT2QF/zv3vkhfpX4g==

"@swc/core-linux-x64-gnu@1.15.3":
  version "1.15.3"
  resolved "https://registry.yarnpkg.com/@swc/core-linux-x64-gnu/-/core-linux-x64-gnu-1.15.3.tgz#15fea551c7a3aeb1bdc3ad5c652d73c9321ddba8"
  integrity sha512-aKttAZnz8YB1VJwPQZtyU8Uk0BfMP63iDMkvjhJzRZVgySmqt/apWSdnoIcZlUoGheBrcqbMC17GGUmur7OT5A==

"@swc/core-linux-x64-musl@1.15.3":
  version "1.15.3"
  resolved "https://registry.yarnpkg.com/@swc/core-linux-x64-musl/-/core-linux-x64-musl-1.15.3.tgz#d3f17bab4ffcadbb47f135e6a14d6f3e401af289"
  integrity sha512-oe8FctPu1gnUsdtGJRO2rvOUIkkIIaHqsO9xxN0bTR7dFTlPTGi2Fhk1tnvXeyAvCPxLIcwD8phzKg6wLv9yug==

"@swc/core-win32-arm64-msvc@1.15.3":
  version "1.15.3"
  resolved "https://registry.yarnpkg.com/@swc/core-win32-arm64-msvc/-/core-win32-arm64-msvc-1.15.3.tgz#9da386df7fed00b3473bcf4281ff3fcd14726d2c"
  integrity sha512-L9AjzP2ZQ/Xh58e0lTRMLvEDrcJpR7GwZqAtIeNLcTK7JVE+QineSyHp0kLkO1rttCHyCy0U74kDTj0dRz6raA==

"@swc/core-win32-ia32-msvc@1.15.3":
  version "1.15.3"
  resolved "https://registry.yarnpkg.com/@swc/core-win32-ia32-msvc/-/core-win32-ia32-msvc-1.15.3.tgz#c398d4f0f10ffec2151a79733ee1ce86a945a1ea"
  integrity sha512-B8UtogMzErUPDWUoKONSVBdsgKYd58rRyv2sHJWKOIMCHfZ22FVXICR4O/VwIYtlnZ7ahERcjayBHDlBZpR0aw==

"@swc/core-win32-x64-msvc@1.15.3":
  version "1.15.3"
  resolved "https://registry.yarnpkg.com/@swc/core-win32-x64-msvc/-/core-win32-x64-msvc-1.15.3.tgz#715596b034a654c82b03ef734a9b44c29bcd3a68"
  integrity sha512-SpZKMR9QBTecHeqpzJdYEfgw30Oo8b/Xl6rjSzBt1g0ZsXyy60KLXrp6IagQyfTYqNYE/caDvwtF2FPn7pomog==

"@swc/core@^1.13.5":
  version "1.15.3"
  resolved "https://registry.yarnpkg.com/@swc/core/-/core-1.15.3.tgz#2d0a5c4ac4c180c3dbf2f6d5d958b9fcbaa9755f"
  integrity sha512-Qd8eBPkUFL4eAONgGjycZXj1jFCBW8Fd+xF0PzdTlBCWQIV1xnUT7B93wUANtW3KGjl3TRcOyxwSx/u/jyKw/Q==
  dependencies:
    "@swc/counter" "^0.1.3"
    "@swc/types" "^0.1.25"
  optionalDependencies:
    "@swc/core-darwin-arm64" "1.15.3"
    "@swc/core-darwin-x64" "1.15.3"
    "@swc/core-linux-arm-gnueabihf" "1.15.3"
    "@swc/core-linux-arm64-gnu" "1.15.3"
    "@swc/core-linux-arm64-musl" "1.15.3"
    "@swc/core-linux-x64-gnu" "1.15.3"
    "@swc/core-linux-x64-musl" "1.15.3"
    "@swc/core-win32-arm64-msvc" "1.15.3"
    "@swc/core-win32-ia32-msvc" "1.15.3"
    "@swc/core-win32-x64-msvc" "1.15.3"

"@swc/counter@^0.1.3":
  version "0.1.3"
  resolved "https://registry.yarnpkg.com/@swc/counter/-/counter-0.1.3.tgz#cc7463bd02949611c6329596fccd2b0ec782b0e9"
  integrity sha512-e2BR4lsJkkRlKZ/qCHPw9ZaSxc0MVUd7gtbtaB7aMvHeJVYe8sOB8DBZkP2DtISHGSku9sCK6T6cnY0CtXrOCQ==

"@swc/types@^0.1.25":
  version "0.1.25"
  resolved "https://registry.yarnpkg.com/@swc/types/-/types-0.1.25.tgz#b517b2a60feb37dd933e542d93093719e4cf1078"
  integrity sha512-iAoY/qRhNH8a/hBvm3zKj9qQ4oc2+3w1unPJa2XvTK3XjeLXtzcCingVPw/9e5mn1+0yPqxcBGp9Jf0pkfMb1g==
  dependencies:
    "@swc/counter" "^0.1.3"

"@types/estree@1.0.8":
  version "1.0.8"
  resolved "https://registry.yarnpkg.com/@types/estree/-/estree-1.0.8.tgz#958b91c991b1867ced318bedea0e215ee050726e"
  integrity sha512-dWHzHa2WqEXI/O1E9OjrocMTKJl2mSrEolh1Iomrv6U+JuNwaHXsXx9bLu5gG7BUWFIN0skIQJQ/L1rIex4X6w==

"@types/node@^24.10.1":
  version "24.10.2"
  resolved "https://registry.yarnpkg.com/@types/node/-/node-24.10.2.tgz#82a57476a19647d8f2c7750d0924788245e39b26"
  integrity sha512-WOhQTZ4G8xZ1tjJTvKOpyEVSGgOTvJAfDK3FNFgELyaTpzhdgHVHeqW8V+UJvzF5BT+/B54T/1S2K6gd9c7bbA==
  dependencies:
    undici-types "~7.16.0"

"@types/react-dom@^19.2.3":
  version "19.2.3"
  resolved "https://registry.yarnpkg.com/@types/react-dom/-/react-dom-19.2.3.tgz#c1e305d15a52a3e508d54dca770d202cb63abf2c"
  integrity sha512-jp2L/eY6fn+KgVVQAOqYItbF0VY/YApe5Mz2F0aykSO8gx31bYCZyvSeYxCHKvzHG5eZjc+zyaS5BrBWya2+kQ==

"@types/react@^19.2.5":
  version "19.2.7"
  resolved "https://registry.yarnpkg.com/@types/react/-/react-19.2.7.tgz#84e62c0f23e8e4e5ac2cadcea1ffeacccae7f62f"
  integrity sha512-MWtvHrGZLFttgeEj28VXHxpmwYbor/ATPYbBfSFZEIRK0ecCFLl2Qo55z52Hss+UV9CRN7trSeq1zbgx7YDWWg==
  dependencies:
    csstype "^3.2.2"

"@vitejs/plugin-react-swc@^4.2.2":
  version "4.2.2"
  resolved "https://registry.yarnpkg.com/@vitejs/plugin-react-swc/-/plugin-react-swc-4.2.2.tgz#9818ed54318dcb0f254f6322c6bfbd0fcec2b087"
  integrity sha512-x+rE6tsxq/gxrEJN3Nv3dIV60lFflPj94c90b+NNo6n1QV1QQUTLoL0MpaOVasUZ0zqVBn7ead1B5ecx1JAGfA==
  dependencies:
    "@rolldown/pluginutils" "1.0.0-beta.47"
    "@swc/core" "^1.13.5"

csstype@^3.2.2:
  version "3.2.3"
  resolved "https://registry.yarnpkg.com/csstype/-/csstype-3.2.3.tgz#ec48c0f3e993e50648c86da559e2610995cf989a"
  integrity sha512-z1HGKcYy2xA8AGQfwrn0PAy+PB7X/GSj3UVJW9qKyn43xWa+gl5nXmU4qqLMRzWVLFC8KusUX8T/0kCiOYpAIQ==

esbuild@^0.25.0:
  version "0.25.12"
  resolved "https://registry.yarnpkg.com/esbuild/-/esbuild-0.25.12.tgz#97a1d041f4ab00c2fce2f838d2b9969a2d2a97a5"
  integrity sha512-bbPBYYrtZbkt6Os6FiTLCTFxvq4tt3JKall1vRwshA3fdVztsLAatFaZobhkBC8/BrPetoa0oksYoKXoG4ryJg==
  optionalDependencies:
    "@esbuild/aix-ppc64" "0.25.12"
    "@esbuild/android-arm" "0.25.12"
    "@esbuild/android-arm64" "0.25.12"
    "@esbuild/android-x64" "0.25.12"
    "@esbuild/darwin-arm64" "0.25.12"
    "@esbuild/darwin-x64" "0.25.12"
    "@esbuild/freebsd-arm64" "0.25.12"
    "@esbuild/freebsd-x64" "0.25.12"
    "@esbuild/linux-arm" "0.25.12"
    "@esbuild/linux-arm64" "0.25.12"
    "@esbuild/linux-ia32" "0.25.12"
    "@esbuild/linux-loong64" "0.25.12"
    "@esbuild/linux-mips64el" "0.25.12"
    "@esbuild/linux-ppc64" "0.25.12"
    "@esbuild/linux-riscv64" "0.25.12"
    "@esbuild/linux-s390x" "0.25.12"
    "@esbuild/linux-x64" "0.25.12"
    "@esbuild/netbsd-arm64" "0.25.12"
    "@esbuild/netbsd-x64" "0.25.12"
    "@esbuild/openbsd-arm64" "0.25.12"
    "@esbuild/openbsd-x64" "0.25.12"
    "@esbuild/openharmony-arm64" "0.25.12"
    "@esbuild/sunos-x64" "0.25.12"
    "@esbuild/win32-arm64" "0.25.12"
    "@esbuild/win32-ia32" "0.25.12"
    "@esbuild/win32-x64" "0.25.12"

fdir@^6.5.0:
  version "6.5.0"
  resolved "https://registry.yarnpkg.com/fdir/-/fdir-6.5.0.tgz#ed2ab967a331ade62f18d077dae192684d50d350"
  integrity sha512-tIbYtZbucOs0BRGqPJkshJUYdL+SDH7dVM8gjy+ERp3WAUjLEFJE+02kanyHtwjWOnwrKYBiwAmM0p4kLJAnXg==

fsevents@~2.3.2, fsevents@~2.3.3:
  version "2.3.3"
  resolved "https://registry.yarnpkg.com/fsevents/-/fsevents-2.3.3.tgz#cac6407785d03675a2a5e1a5305c697b347d90d6"
  integrity sha512-5xoDfX+fL7faATnagmWPpbFtwh/R77WmMMqqHGS65C3vvB0YHrgF+B1YmZ3441tMj5n63k0212XNoJwzlhffQw==

globals@^16.5.0:
  version "16.5.0"
  resolved "https://registry.yarnpkg.com/globals/-/globals-16.5.0.tgz#ccf1594a437b97653b2be13ed4d8f5c9f850cac1"
  integrity sha512-c/c15i26VrJ4IRt5Z89DnIzCGDn9EcebibhAOjw5ibqEHsE1wLUgkPn9RDmNcUKyU87GeaL633nyJ+pplFR2ZQ==

nanoid@^3.3.11:
  version "3.3.11"
  resolved "https://registry.yarnpkg.com/nanoid/-/nanoid-3.3.11.tgz#4f4f112cefbe303202f2199838128936266d185b"
  integrity sha512-N8SpfPUnUp1bK+PMYW8qSWdl9U+wwNWI4QKxOYDy9JAro3WMX7p2OeVRF9v+347pnakNevPmiHhNmZ2HbFA76w==

picocolors@^1.1.1:
  version "1.1.1"
  resolved "https://registry.yarnpkg.com/picocolors/-/picocolors-1.1.1.tgz#3d321af3eab939b083c8f929a1d12cda81c26b6b"
  integrity sha512-xceH2snhtb5M9liqDsmEw56le376mTZkEX/jEb/RxNFyegNul7eNslCXP9FDj/Lcu0X8KEyMceP2ntpaHrDEVA==

picomatch@^4.0.3:
  version "4.0.3"
  resolved "https://registry.yarnpkg.com/picomatch/-/picomatch-4.0.3.tgz#796c76136d1eead715db1e7bad785dedd695a042"
  integrity sha512-5gTmgEY/sqK6gFXLIsQNH19lWb4ebPDLA4SdLP7dsWkIXHWlG66oPuVvXSGFPppYZz8ZDZq0dYYrbHfBCVUb1Q==

postcss@^8.5.6:
  version "8.5.6"
  resolved "https://registry.yarnpkg.com/postcss/-/postcss-8.5.6.tgz#2825006615a619b4f62a9e7426cc120b349a8f3c"
  integrity sha512-3Ybi1tAuwAP9s0r1UQ2J4n5Y0G05bJkpUIO0/bI9MhwmD70S5aTWbXGBwxHrelT+XM1k6dM0pk+SwNkpTRN7Pg==
  dependencies:
    nanoid "^3.3.11"
    picocolors "^1.1.1"
    source-map-js "^1.2.1"

react-dom@^19.2.0:
  version "19.2.1"
  resolved "https://registry.yarnpkg.com/react-dom/-/react-dom-19.2.1.tgz#ce3527560bda4f997e47d10dab754825b3061f59"
  integrity sha512-ibrK8llX2a4eOskq1mXKu/TGZj9qzomO+sNfO98M6d9zIPOEhlBkMkBUBLd1vgS0gQsLDBzA+8jJBVXDnfHmJg==
  dependencies:
    scheduler "^0.27.0"

react@^19.2.0:
  version "19.2.1"
  resolved "https://registry.yarnpkg.com/react/-/react-19.2.1.tgz#8600fa205e58e2e807f6ef431c9f6492591a2700"
  integrity sha512-DGrYcCWK7tvYMnWh79yrPHt+vdx9tY+1gPZa7nJQtO/p8bLTDaHp4dzwEhQB7pZ4Xe3ok4XKuEPrVuc+wlpkmw==

rollup@^4.43.0:
  version "4.53.3"
  resolved "https://registry.yarnpkg.com/rollup/-/rollup-4.53.3.tgz#dbc8cd8743b38710019fb8297e8d7a76e3faa406"
  integrity sha512-w8GmOxZfBmKknvdXU1sdM9NHcoQejwF/4mNgj2JuEEdRaHwwF12K7e9eXn1nLZ07ad+du76mkVsyeb2rKGllsA==
  dependencies:
    "@types/estree" "1.0.8"
  optionalDependencies:
    "@rollup/rollup-android-arm-eabi" "4.53.3"
    "@rollup/rollup-android-arm64" "4.53.3"
    "@rollup/rollup-darwin-arm64" "4.53.3"
    "@rollup/rollup-darwin-x64" "4.53.3"
    "@rollup/rollup-freebsd-arm64" "4.53.3"
    "@rollup/rollup-freebsd-x64" "4.53.3"
    "@rollup/rollup-linux-arm-gnueabihf" "4.53.3"
    "@rollup/rollup-linux-arm-musleabihf" "4.53.3"
    "@rollup/rollup-linux-arm64-gnu" "4.53.3"
    "@rollup/rollup-linux-arm64-musl" "4.53.3"
    "@rollup/rollup-linux-loong64-gnu" "4.53.3"
    "@rollup/rollup-linux-ppc64-gnu" "4.53.3"
    "@rollup/rollup-linux-riscv64-gnu" "4.53.3"
    "@rollup/rollup-linux-riscv64-musl" "4.53.3"
    "@rollup/rollup-linux-s390x-gnu" "4.53.3"
    "@rollup/rollup-linux-x64-gnu" "4.53.3"
    "@rollup/rollup-linux-x64-musl" "4.53.3"
    "@rollup/rollup-openharmony-arm64" "4.53.3"
    "@rollup/rollup-win32-arm64-msvc" "4.53.3"
    "@rollup/rollup-win32-ia32-msvc" "4.53.3"
    "@rollup/rollup-win32-x64-gnu" "4.53.3"
    "@rollup/rollup-win32-x64-msvc" "4.53.3"
    fsevents "~2.3.2"

scheduler@^0.27.0:
  version "0.27.0"
  resolved "https://registry.yarnpkg.com/scheduler/-/scheduler-0.27.0.tgz#0c4ef82d67d1e5c1e359e8fc76d3a87f045fe5bd"
  integrity sha512-eNv+WrVbKu1f3vbYJT/xtiF5syA5HPIMtf9IgY/nKg0sWqzAUEvqY/xm7OcZc/qafLx/iO9FgOmeSAp4v5ti/Q==

source-map-js@^1.2.1:
  version "1.2.1"
  resolved "https://registry.yarnpkg.com/source-map-js/-/source-map-js-1.2.1.tgz#1ce5650fddd87abc099eda37dcff024c2667ae46"
  integrity sha512-UXWMKhLOwVKb728IUtQPXxfYU+usdybtUrK/8uGE8CQMvrhOpwvzDBwj0QhSL7MQc7vIsISBG8VQ8+IDQxpfQA==

tinyglobby@^0.2.15:
  version "0.2.15"
  resolved "https://registry.yarnpkg.com/tinyglobby/-/tinyglobby-0.2.15.tgz#e228dd1e638cea993d2fdb4fcd2d4602a79951c2"
  integrity sha512-j2Zq4NyQYG5XMST4cbs02Ak8iJUdxRM0XI5QyxXuZOzKOINmWurp3smXu3y5wDcJrptwpSjgXHzIQxR0omXljQ==
  dependencies:
    fdir "^6.5.0"
    picomatch "^4.0.3"

typescript@~5.9.3:
  version "5.9.3"
  resolved "https://registry.yarnpkg.com/typescript/-/typescript-5.9.3.tgz#5b4f59e15310ab17a216f5d6cf53ee476ede670f"
  integrity sha512-jl1vZzPDinLr9eUt3J/t7V6FgNEw9QjvBPdysz9KfQDD41fQrC2Y4vKQdiaUpFT4bXlb1RHhLpp8wtm6M5TgSw==

undici-types@~7.16.0:
  version "7.16.0"
  resolved "https://registry.yarnpkg.com/undici-types/-/undici-types-7.16.0.tgz#ffccdff36aea4884cbfce9a750a0580224f58a46"
  integrity sha512-Zz+aZWSj8LE6zoxD+xrjh4VfkIG8Ya6LvYkZqtUQGJPZjYl53ypCaUwWqo7eI0x66KBGeRo+mlBEkMSeSZ38Nw==

vite@^7.2.4:
  version "7.2.7"
  resolved "https://registry.yarnpkg.com/vite/-/vite-7.2.7.tgz#0789a4c3206081699f34a9ecca2dda594a07478e"
  integrity sha512-ITcnkFeR3+fI8P1wMgItjGrR10170d8auB4EpMLPqmx6uxElH3a/hHGQabSHKdqd4FXWO1nFIp9rRn7JQ34ACQ==
  dependencies:
    esbuild "^0.25.0"
    fdir "^6.5.0"
    picomatch "^4.0.3"
    postcss "^8.5.6"
    rollup "^4.43.0"
    tinyglobby "^0.2.15"
  optionalDependencies:
    fsevents "~2.3.3"
